# THIS IS AN AUTOGENERATED FILE. DO NOT EDIT THIS FILE DIRECTLY.
# yarn lockfile v1


ansi-regex@^2.0.0:
  version "2.1.1"
  resolved "https://registry.yarnpkg.com/ansi-regex/-/ansi-regex-2.1.1.tgz#c3b33ab5ee360d86e0e628f0468ae7ef27d654df"

ansi-styles@^2.2.1:
  version "2.2.1"
  resolved "https://registry.yarnpkg.com/ansi-styles/-/ansi-styles-2.2.1.tgz#b432dd3358b634cf75e1e4664368240533c1ddbe"

babel-code-frame@^6.26.0:
  version "6.26.0"
  resolved "https://registry.yarnpkg.com/babel-code-frame/-/babel-code-frame-6.26.0.tgz#63fd43f7dc1e3bb7ce35947db8fe369a3f58c74b"
  dependencies:
    chalk "^1.1.3"
    esutils "^2.0.2"
    js-tokens "^3.0.2"

babel-generator@6.10.x:
  version "6.10.2"
  resolved "https://registry.yarnpkg.com/babel-generator/-/babel-generator-6.10.2.tgz#af831816643dbeb87bc0765be02f1f57bc14053f"
  dependencies:
    babel-messages "^6.8.0"
    babel-runtime "^6.9.0"
    babel-types "^6.10.2"
    detect-indent "^3.0.1"
    lodash "^4.2.0"
    source-map "^0.5.0"

babel-messages@^6.23.0, babel-messages@^6.8.0:
  version "6.23.0"
  resolved "https://registry.yarnpkg.com/babel-messages/-/babel-messages-6.23.0.tgz#f3cdf4703858035b2a2951c6ec5edf6c62f2630e"
  dependencies:
    babel-runtime "^6.22.0"

babel-runtime@^6.22.0, babel-runtime@^6.26.0, babel-runtime@^6.9.0:
  version "6.26.0"
  resolved "https://registry.yarnpkg.com/babel-runtime/-/babel-runtime-6.26.0.tgz#965c7058668e82b55d7bfe04ff2337bc8b5647fe"
  dependencies:
    core-js "^2.4.0"
    regenerator-runtime "^0.11.0"

babel-template@^6.8.0:
  version "6.26.0"
  resolved "https://registry.yarnpkg.com/babel-template/-/babel-template-6.26.0.tgz#de03e2d16396b069f46dd9fff8521fb1a0e35e02"
  dependencies:
    babel-runtime "^6.26.0"
    babel-traverse "^6.26.0"
    babel-types "^6.26.0"
    babylon "^6.18.0"
    lodash "^4.17.4"

babel-traverse@^6.26.0:
  version "6.26.0"
  resolved "https://registry.yarnpkg.com/babel-traverse/-/babel-traverse-6.26.0.tgz#46a9cbd7edcc62c8e5c064e2d2d8d0f4035766ee"
  dependencies:
    babel-code-frame "^6.26.0"
    babel-messages "^6.23.0"
    babel-runtime "^6.26.0"
    babel-types "^6.26.0"
    babylon "^6.18.0"
    debug "^2.6.8"
    globals "^9.18.0"
    invariant "^2.2.2"
    lodash "^4.17.4"

babel-types@^6.10.2, babel-types@^6.26.0, babel-types@^6.8.1:
  version "6.26.0"
  resolved "https://registry.yarnpkg.com/babel-types/-/babel-types-6.26.0.tgz#a3b073f94ab49eb6fa55cd65227a334380632497"
  dependencies:
    babel-runtime "^6.26.0"
    esutils "^2.0.2"
    lodash "^4.17.4"
    to-fast-properties "^1.0.3"

babylon@^6.18.0:
  version "6.18.0"
  resolved "https://registry.yarnpkg.com/babylon/-/babylon-6.18.0.tgz#af2f3b88fa6f5c1e4c634d1a0f8eac4f55b395e3"

big.js@^3.1.3:
  version "3.2.0"
  resolved "https://registry.yarnpkg.com/big.js/-/big.js-3.2.0.tgz#a5fc298b81b9e0dca2e458824784b65c52ba588e"

chalk@^1.1.3:
  version "1.1.3"
  resolved "https://registry.yarnpkg.com/chalk/-/chalk-1.1.3.tgz#a8115c55e4a702fe4d150abd3872822a7e09fc98"
  dependencies:
    ansi-styles "^2.2.1"
    escape-string-regexp "^1.0.2"
    has-ansi "^2.0.0"
    strip-ansi "^3.0.0"
    supports-color "^2.0.0"

core-js@^2.4.0:
  version "2.5.3"
  resolved "https://registry.yarnpkg.com/core-js/-/core-js-2.5.3.tgz#8acc38345824f16d8365b7c9b4259168e8ed603e"

debug@^2.6.8:
  version "2.6.9"
  resolved "https://registry.yarnpkg.com/debug/-/debug-2.6.9.tgz#5d128515df134ff327e90a4c93f4e077a536341f"
  dependencies:
    ms "2.0.0"

detect-indent@^3.0.1:
  version "3.0.1"
  resolved "https://registry.yarnpkg.com/detect-indent/-/detect-indent-3.0.1.tgz#9dc5e5ddbceef8325764b9451b02bc6d54084f75"
  dependencies:
    get-stdin "^4.0.1"
    minimist "^1.1.0"
    repeating "^1.1.0"

emojis-list@^2.0.0:
  version "2.1.0"
  resolved "https://registry.yarnpkg.com/emojis-list/-/emojis-list-2.1.0.tgz#4daa4d9db00f9819880c79fa457ae5b09a1fd389"

escape-string-regexp@^1.0.2:
  version "1.0.5"
  resolved "https://registry.yarnpkg.com/escape-string-regexp/-/escape-string-regexp-1.0.5.tgz#1b61c0562190a8dff6ae3bb2cf0200ca130b86d4"

esutils@^2.0.2:
  version "2.0.2"
  resolved "https://registry.yarnpkg.com/esutils/-/esutils-2.0.2.tgz#0abf4f1caa5bcb1f7a9d8acc6dea4faaa04bac9b"

get-stdin@^4.0.1:
  version "4.0.1"
  resolved "https://registry.yarnpkg.com/get-stdin/-/get-stdin-4.0.1.tgz#b968c6b0a04384324902e8bf1a5df32579a450fe"

globals@^9.18.0:
  version "9.18.0"
  resolved "https://registry.yarnpkg.com/globals/-/globals-9.18.0.tgz#aa3896b3e69b487f17e31ed2143d69a8e30c2d8a"

has-ansi@^2.0.0:
  version "2.0.0"
  resolved "https://registry.yarnpkg.com/has-ansi/-/has-ansi-2.0.0.tgz#34f5049ce1ecdf2b0649af3ef24e45ed35416d91"
  dependencies:
    ansi-regex "^2.0.0"

he@^1.1.0:
  version "1.1.1"
  resolved "https://registry.yarnpkg.com/he/-/he-1.1.1.tgz#93410fd21b009735151f8868c2f271f3427e23fd"

invariant@^2.2.2:
  version "2.2.2"
  resolved "https://registry.yarnpkg.com/invariant/-/invariant-2.2.2.tgz#9e1f56ac0acdb6bf303306f338be3b204ae60360"
  dependencies:
    loose-envify "^1.0.0"

is-finite@^1.0.0:
  version "1.0.2"
  resolved "https://registry.yarnpkg.com/is-finite/-/is-finite-1.0.2.tgz#cc6677695602be550ef11e8b4aa6305342b6d0aa"
  dependencies:
    number-is-nan "^1.0.0"

js-tokens@^3.0.0, js-tokens@^3.0.2:
  version "3.0.2"
  resolved "https://registry.yarnpkg.com/js-tokens/-/js-tokens-3.0.2.tgz#9866df395102130e38f7f996bceb65443209c25b"

json-stringify-safe@^5.0.1:
  version "5.0.1"
  resolved "https://registry.yarnpkg.com/json-stringify-safe/-/json-stringify-safe-5.0.1.tgz#1296a2d58fd45f19a0f6ce01d65701e2c735b6eb"

json5@^0.5.0:
  version "0.5.1"
  resolved "https://registry.yarnpkg.com/json5/-/json5-0.5.1.tgz#1eade7acc012034ad84e2396767ead9fa5495821"

loader-utils@^1.1.0:
  version "1.1.0"
  resolved "https://registry.yarnpkg.com/loader-utils/-/loader-utils-1.1.0.tgz#c98aef488bcceda2ffb5e2de646d6a754429f5cd"
  dependencies:
    big.js "^3.1.3"
    emojis-list "^2.0.0"
    json5 "^0.5.0"

lodash@^4.12.0, lodash@^4.15.0, lodash@^4.17.4, lodash@^4.2.0:
  version "4.17.4"
  resolved "https://registry.yarnpkg.com/lodash/-/lodash-4.17.4.tgz#78203a4d1c328ae1d86dca6460e369b57f4055ae"

loose-envify@^1.0.0:
  version "1.3.1"
  resolved "https://registry.yarnpkg.com/loose-envify/-/loose-envify-1.3.1.tgz#d1a8ad33fa9ce0e713d65fdd0ac8b748d478c848"
  dependencies:
    js-tokens "^3.0.0"

melody-code-frame@1.0.2:
  version "1.0.2"
  resolved "https://registry.yarnpkg.com/melody-code-frame/-/melody-code-frame-1.0.2.tgz#a4ac7e7e3821803855f7808d8bf17c3414fbb002"
  dependencies:
    lodash "^4.15.0"

melody-compiler@1.0.2:
  version "1.0.2"
  resolved "https://registry.yarnpkg.com/melody-compiler/-/melody-compiler-1.0.2.tgz#58e0d8e5fbcc1d61d742471fd67e9e9d2c9b36f4"
  dependencies:
    babel-generator "6.10.x"
    babel-template "^6.8.0"
    babel-types "^6.8.1"
    lodash "^4.12.0"
    melody-code-frame "1.0.2"
    random-seed "^0.3.0"

melody-component@1.0.2, melody-component@^1.0.2:
  version "1.0.2"
  resolved "https://registry.yarnpkg.com/melody-component/-/melody-component-1.0.2.tgz#d3e5998013f038cfcf67f19287e4335f83cf8de2"

melody-extension-core@1.0.2:
  version "1.0.2"
  resolved "https://registry.yarnpkg.com/melody-extension-core/-/melody-extension-core-1.0.2.tgz#cc2b44eb84648518b190137d6c355152a005e20f"
  dependencies:
    babel-template "^6.8.0"
    babel-types "^6.8.1"
    lodash "^4.12.0"
    shortid "^2.2.6"

melody-hoc@^1.0.2:
  version "1.0.2"
  resolved "https://registry.yarnpkg.com/melody-hoc/-/melody-hoc-1.0.2.tgz#3d8e9bd424c0aef514a0fda3bd0aa48aa952e368"
  dependencies:
    lodash "^4.15.0"
    melody-component "1.0.2"

melody-idom@^1.0.2:
  version "1.0.2"
  resolved "https://registry.yarnpkg.com/melody-idom/-/melody-idom-1.0.2.tgz#274f386940d6f8eac9c639f46a876298b135ca88"
  dependencies:
    lodash "^4.12.0"

melody-loader@^1.0.2:
  version "1.0.2"
  resolved "https://registry.yarnpkg.com/melody-loader/-/melody-loader-1.0.2.tgz#d553d48da5044cb32b89b3ac76cee5ebfbfa871f"
  dependencies:
    loader-utils "^1.1.0"
    lodash "^4.12.0"
    melody-compiler "1.0.2"
    melody-extension-core "1.0.2"
    melody-runtime "1.0.2"

melody-parser@^1.0.2:
  version "1.0.2"
  resolved "https://registry.yarnpkg.com/melody-parser/-/melody-parser-1.0.2.tgz#b0f26fe4f12c783ce650759c1feeccfcc3b68c7f"
  dependencies:
    he "^1.1.0"
    lodash "^4.12.0"
    melody-code-frame "1.0.2"

melody-plugin-idom@^1.0.2:
  version "1.0.2"
  resolved "https://registry.yarnpkg.com/melody-plugin-idom/-/melody-plugin-idom-1.0.2.tgz#59eb3f21b9c8edc434ae8102cb35c4c8eb2407c7"
  dependencies:
    babel-types "^6.8.1"

melody-runtime@1.0.2:
  version "1.0.2"
  resolved "https://registry.yarnpkg.com/melody-runtime/-/melody-runtime-1.0.2.tgz#90c4837ffb6a456ac28edddf8fcdf4153a8a7d35"
  dependencies:
    lodash "^4.12.0"

melody-traverse@^1.0.2:
  version "1.0.2"
  resolved "https://registry.yarnpkg.com/melody-traverse/-/melody-traverse-1.0.2.tgz#59f14db96d2cc2241f12246822cad6753a04814d"

melody-types@^1.0.2:
  version "1.0.2"
  resolved "https://registry.yarnpkg.com/melody-types/-/melody-types-1.0.2.tgz#7023f23d9190b412f0c4195b88c3aa99e9ed48bd"
  dependencies:
    babel-types "^6.8.1"

minimist@^1.1.0:
  version "1.2.5"
  resolved "https://registry.yarnpkg.com/minimist/-/minimist-1.2.5.tgz#67d66014b66a6a8aaa0c083c5fd58df4e4e97602"

ms@2.0.0:
  version "2.0.0"
  resolved "https://registry.yarnpkg.com/ms/-/ms-2.0.0.tgz#5608aeadfc00be6c2901df5f9861788de0d597c8"

number-is-nan@^1.0.0:
  version "1.0.1"
  resolved "https://registry.yarnpkg.com/number-is-nan/-/number-is-nan-1.0.1.tgz#097b602b53422a522c1afb8790318336941a011d"

random-seed@^0.3.0:
  version "0.3.0"
  resolved "https://registry.yarnpkg.com/random-seed/-/random-seed-0.3.0.tgz#d945f2e1f38f49e8d58913431b8bf6bb937556cd"
  dependencies:
    json-stringify-safe "^5.0.1"

regenerator-runtime@^0.11.0:
  version "0.11.1"
  resolved "https://registry.yarnpkg.com/regenerator-runtime/-/regenerator-runtime-0.11.1.tgz#be05ad7f9bf7d22e056f9726cee5017fbf19e2e9"

repeating@^1.1.0:
  version "1.1.3"
  resolved "https://registry.yarnpkg.com/repeating/-/repeating-1.1.3.tgz#3d4114218877537494f97f77f9785fab810fa4ac"
  dependencies:
    is-finite "^1.0.0"

shortid@^2.2.6:
  version "2.2.8"
  resolved "https://registry.yarnpkg.com/shortid/-/shortid-2.2.8.tgz#033b117d6a2e975804f6f0969dbe7d3d0b355131"

source-map@^0.5.0:
  version "0.5.7"
  resolved "https://registry.yarnpkg.com/source-map/-/source-map-0.5.7.tgz#8a039d2d1021d22d1ea14c80d8ea468ba2ef3fcc"

strip-ansi@^3.0.0:
  version "3.0.1"
  resolved "https://registry.yarnpkg.com/strip-ansi/-/strip-ansi-3.0.1.tgz#6a385fb8853d952d5ff05d0e8aaf94278dc63dcf"
  dependencies:
    ansi-regex "^2.0.0"

supports-color@^2.0.0:
  version "2.0.0"
  resolved "https://registry.yarnpkg.com/supports-color/-/supports-color-2.0.0.tgz#535d045ce6b6363fa40117084629995e9df324c7"

to-fast-properties@^1.0.3:
  version "1.0.3"
  resolved "https://registry.yarnpkg.com/to-fast-properties/-/to-fast-properties-1.0.3.tgz#b83571fa4d8c25b82e231b06e3a3055de4ca1a47"
